// !$*UTF8*$!
{
	archiveVersion = 1;
	classes = {
	};
	objectVersion = 46;
	objects = {

/* Begin PBXBuildFile section */
		A88331121D9BE6DA005E9D3C /* NetworkHandlerProtocol.swift in Sources */ = {isa = PBXBuildFile; fileRef = A88331111D9BE6DA005E9D3C /* NetworkHandlerProtocol.swift */; };
		A88331141D9BE721005E9D3C /* Package.swift in Sources */ = {isa = PBXBuildFile; fileRef = A88331131D9BE721005E9D3C /* Package.swift */; };
		A88331161D9BE900005E9D3C /* AuthenticationProtocol.swift in Sources */ = {isa = PBXBuildFile; fileRef = A88331151D9BE900005E9D3C /* AuthenticationProtocol.swift */; };
		A89BC23C1DA3D1320058D407 /* IGZQueueManagerQueueTests.swift in Sources */ = {isa = PBXBuildFile; fileRef = A89BC23B1DA3D1320058D407 /* IGZQueueManagerQueueTests.swift */; };
		A89BC23E1DA457F70058D407 /* IGZQueueManagerPackageTests.swift in Sources */ = {isa = PBXBuildFile; fileRef = A89BC23D1DA457F70058D407 /* IGZQueueManagerPackageTests.swift */; };
		A89BC2401DA458CA0058D407 /* StubNetworkHandler.swift in Sources */ = {isa = PBXBuildFile; fileRef = A89BC23F1DA458CA0058D407 /* StubNetworkHandler.swift */; };
		A8EF3A741D9B58FF0096074E /* IGZQueueManager.framework in Frameworks */ = {isa = PBXBuildFile; fileRef = A8EF3A6A1D9B58FF0096074E /* IGZQueueManager.framework */; };
		A8EF3A7B1D9B58FF0096074E /* IGZQueueManager.h in Headers */ = {isa = PBXBuildFile; fileRef = A8EF3A6D1D9B58FF0096074E /* IGZQueueManager.h */; settings = {ATTRIBUTES = (Public, ); }; };
		A8EF3A861D9B59310096074E /* QueueManager.swift in Sources */ = {isa = PBXBuildFile; fileRef = A8EF3A851D9B59310096074E /* QueueManager.swift */; };
/* End PBXBuildFile section */

/* Begin PBXContainerItemProxy section */
		A8EF3A751D9B58FF0096074E /* PBXContainerItemProxy */ = {
			isa = PBXContainerItemProxy;
			containerPortal = A8EF3A611D9B58FF0096074E /* Project object */;
			proxyType = 1;
			remoteGlobalIDString = A8EF3A691D9B58FF0096074E;
			remoteInfo = IGZQueueManager;
		};
/* End PBXContainerItemProxy section */

/* Begin PBXFileReference section */
		A88331111D9BE6DA005E9D3C /* NetworkHandlerProtocol.swift */ = {isa = PBXFileReference; fileEncoding = 4; lastKnownFileType = sourcecode.swift; path = NetworkHandlerProtocol.swift; sourceTree = "<group>"; };
		A88331131D9BE721005E9D3C /* Package.swift */ = {isa = PBXFileReference; fileEncoding = 4; lastKnownFileType = sourcecode.swift; path = Package.swift; sourceTree = "<group>"; };
		A88331151D9BE900005E9D3C /* AuthenticationProtocol.swift */ = {isa = PBXFileReference; fileEncoding = 4; lastKnownFileType = sourcecode.swift; path = AuthenticationProtocol.swift; sourceTree = "<group>"; };
		A89BC2341DA051E60058D407 /* README.md */ = {isa = PBXFileReference; lastKnownFileType = net.daringfireball.markdown; path = README.md; sourceTree = "<group>"; };
		A89BC2351DA064A60058D407 /* LICENSE */ = {isa = PBXFileReference; lastKnownFileType = text; path = LICENSE; sourceTree = "<group>"; };
		A89BC2381DA3C8B70058D407 /* AlamofireHandler.swift */ = {isa = PBXFileReference; lastKnownFileType = sourcecode.swift; path = AlamofireHandler.swift; sourceTree = "<group>"; };
		A89BC23B1DA3D1320058D407 /* IGZQueueManagerQueueTests.swift */ = {isa = PBXFileReference; fileEncoding = 4; lastKnownFileType = sourcecode.swift; path = IGZQueueManagerQueueTests.swift; sourceTree = "<group>"; };
		A89BC23D1DA457F70058D407 /* IGZQueueManagerPackageTests.swift */ = {isa = PBXFileReference; fileEncoding = 4; lastKnownFileType = sourcecode.swift; path = IGZQueueManagerPackageTests.swift; sourceTree = "<group>"; };
		A89BC23F1DA458CA0058D407 /* StubNetworkHandler.swift */ = {isa = PBXFileReference; fileEncoding = 4; lastKnownFileType = sourcecode.swift; path = StubNetworkHandler.swift; sourceTree = "<group>"; };
		A8A85357252FA09C00B9BB72 /* Package.swift */ = {isa = PBXFileReference; lastKnownFileType = sourcecode.swift; path = Package.swift; sourceTree = "<group>"; };
		A8A85358252FA27D00B9BB72 /* .gitignore */ = {isa = PBXFileReference; lastKnownFileType = text; path = .gitignore; sourceTree = "<group>"; };
		A8EF3A6A1D9B58FF0096074E /* IGZQueueManager.framework */ = {isa = PBXFileReference; explicitFileType = wrapper.framework; includeInIndex = 0; path = IGZQueueManager.framework; sourceTree = BUILT_PRODUCTS_DIR; };
		A8EF3A6D1D9B58FF0096074E /* IGZQueueManager.h */ = {isa = PBXFileReference; lastKnownFileType = sourcecode.c.h; path = IGZQueueManager.h; sourceTree = "<group>"; };
		A8EF3A6E1D9B58FF0096074E /* Info.plist */ = {isa = PBXFileReference; lastKnownFileType = text.plist.xml; path = Info.plist; sourceTree = "<group>"; };
		A8EF3A731D9B58FF0096074E /* IGZQueueManagerTests.xctest */ = {isa = PBXFileReference; explicitFileType = wrapper.cfbundle; includeInIndex = 0; path = IGZQueueManagerTests.xctest; sourceTree = BUILT_PRODUCTS_DIR; };
		A8EF3A7A1D9B58FF0096074E /* Info.plist */ = {isa = PBXFileReference; lastKnownFileType = text.plist.xml; path = Info.plist; sourceTree = "<group>"; };
		A8EF3A851D9B59310096074E /* QueueManager.swift */ = {isa = PBXFileReference; fileEncoding = 4; lastKnownFileType = sourcecode.swift; path = QueueManager.swift; sourceTree = "<group>"; };
/* End PBXFileReference section */

/* Begin PBXFrameworksBuildPhase section */
		A8EF3A661D9B58FF0096074E /* Frameworks */ = {
			isa = PBXFrameworksBuildPhase;
			buildActionMask = 2147483647;
			files = (
			);
			runOnlyForDeploymentPostprocessing = 0;
		};
		A8EF3A701D9B58FF0096074E /* Frameworks */ = {
			isa = PBXFrameworksBuildPhase;
			buildActionMask = 2147483647;
			files = (
				A8EF3A741D9B58FF0096074E /* IGZQueueManager.framework in Frameworks */,
			);
			runOnlyForDeploymentPostprocessing = 0;
		};
/* End PBXFrameworksBuildPhase section */

/* Begin PBXGroup section */
		A88331101D9BE6A7005E9D3C /* Protocols */ = {
			isa = PBXGroup;
			children = (
				A88331111D9BE6DA005E9D3C /* NetworkHandlerProtocol.swift */,
				A88331151D9BE900005E9D3C /* AuthenticationProtocol.swift */,
			);
			name = Protocols;
			sourceTree = "<group>";
		};
		A89BC2361DA3C8590058D407 /* Examples */ = {
			isa = PBXGroup;
			children = (
				A89BC2371DA3C8760058D407 /* Handlers */,
			);
			path = Examples;
			sourceTree = "<group>";
		};
		A89BC2371DA3C8760058D407 /* Handlers */ = {
			isa = PBXGroup;
			children = (
				A89BC2381DA3C8B70058D407 /* AlamofireHandler.swift */,
			);
			path = Handlers;
			sourceTree = "<group>";
		};
		A8EF3A601D9B58FF0096074E = {
			isa = PBXGroup;
			children = (
				A89BC2351DA064A60058D407 /* LICENSE */,
				A89BC2341DA051E60058D407 /* README.md */,
				A8A85357252FA09C00B9BB72 /* Package.swift */,
				A8A85358252FA27D00B9BB72 /* .gitignore */,
				A8EF3A6C1D9B58FF0096074E /* IGZQueueManager */,
				A8EF3A771D9B58FF0096074E /* IGZQueueManagerTests */,
				A8EF3A6B1D9B58FF0096074E /* Products */,
			);
			sourceTree = "<group>";
		};
		A8EF3A6B1D9B58FF0096074E /* Products */ = {
			isa = PBXGroup;
			children = (
				A8EF3A6A1D9B58FF0096074E /* IGZQueueManager.framework */,
				A8EF3A731D9B58FF0096074E /* IGZQueueManagerTests.xctest */,
			);
			name = Products;
			sourceTree = "<group>";
		};
		A8EF3A6C1D9B58FF0096074E /* IGZQueueManager */ = {
			isa = PBXGroup;
			children = (
				A89BC2361DA3C8590058D407 /* Examples */,
				A8EF3A841D9B59100096074E /* Source */,
				A8EF3A6D1D9B58FF0096074E /* IGZQueueManager.h */,
				A8EF3A6E1D9B58FF0096074E /* Info.plist */,
			);
			path = IGZQueueManager;
			sourceTree = "<group>";
		};
		A8EF3A771D9B58FF0096074E /* IGZQueueManagerTests */ = {
			isa = PBXGroup;
			children = (
				A89BC23D1DA457F70058D407 /* IGZQueueManagerPackageTests.swift */,
				A89BC23B1DA3D1320058D407 /* IGZQueueManagerQueueTests.swift */,
				A8EF3A7A1D9B58FF0096074E /* Info.plist */,
				A89BC23F1DA458CA0058D407 /* StubNetworkHandler.swift */,
			);
			path = IGZQueueManagerTests;
			sourceTree = "<group>";
		};
		A8EF3A841D9B59100096074E /* Source */ = {
			isa = PBXGroup;
			children = (
				A88331101D9BE6A7005E9D3C /* Protocols */,
				A8EF3A851D9B59310096074E /* QueueManager.swift */,
				A88331131D9BE721005E9D3C /* Package.swift */,
			);
			name = Source;
			sourceTree = "<group>";
		};
/* End PBXGroup section */

/* Begin PBXHeadersBuildPhase section */
		A8EF3A671D9B58FF0096074E /* Headers */ = {
			isa = PBXHeadersBuildPhase;
			buildActionMask = 2147483647;
			files = (
				A8EF3A7B1D9B58FF0096074E /* IGZQueueManager.h in Headers */,
			);
			runOnlyForDeploymentPostprocessing = 0;
		};
/* End PBXHeadersBuildPhase section */

/* Begin PBXNativeTarget section */
		A8EF3A691D9B58FF0096074E /* IGZQueueManager */ = {
			isa = PBXNativeTarget;
			buildConfigurationList = A8EF3A7E1D9B58FF0096074E /* Build configuration list for PBXNativeTarget "IGZQueueManager" */;
			buildPhases = (
				A8EF3A651D9B58FF0096074E /* Sources */,
				A8EF3A661D9B58FF0096074E /* Frameworks */,
				A8EF3A671D9B58FF0096074E /* Headers */,
				A8EF3A681D9B58FF0096074E /* Resources */,
			);
			buildRules = (
			);
			dependencies = (
			);
			name = IGZQueueManager;
			productName = IGZQueueManager;
			productReference = A8EF3A6A1D9B58FF0096074E /* IGZQueueManager.framework */;
			productType = "com.apple.product-type.framework";
		};
		A8EF3A721D9B58FF0096074E /* IGZQueueManagerTests */ = {
			isa = PBXNativeTarget;
			buildConfigurationList = A8EF3A811D9B58FF0096074E /* Build configuration list for PBXNativeTarget "IGZQueueManagerTests" */;
			buildPhases = (
				A8EF3A6F1D9B58FF0096074E /* Sources */,
				A8EF3A701D9B58FF0096074E /* Frameworks */,
				A8EF3A711D9B58FF0096074E /* Resources */,
			);
			buildRules = (
			);
			dependencies = (
				A8EF3A761D9B58FF0096074E /* PBXTargetDependency */,
			);
			name = IGZQueueManagerTests;
			productName = IGZQueueManagerTests;
			productReference = A8EF3A731D9B58FF0096074E /* IGZQueueManagerTests.xctest */;
			productType = "com.apple.product-type.bundle.unit-test";
		};
/* End PBXNativeTarget section */

/* Begin PBXProject section */
		A8EF3A611D9B58FF0096074E /* Project object */ = {
			isa = PBXProject;
			attributes = {
				LastSwiftUpdateCheck = 0800;
				LastUpgradeCheck = 1200;
				ORGANIZATIONNAME = "Jeremiah Poisson";
				TargetAttributes = {
					A8EF3A691D9B58FF0096074E = {
						CreatedOnToolsVersion = 8.0;
						DevelopmentTeam = 98N4UG269H;
						LastSwiftMigration = 1200;
						ProvisioningStyle = Automatic;
					};
					A8EF3A721D9B58FF0096074E = {
						CreatedOnToolsVersion = 8.0;
						DevelopmentTeam = 98N4UG269H;
						LastSwiftMigration = 1200;
						ProvisioningStyle = Automatic;
					};
				};
			};
			buildConfigurationList = A8EF3A641D9B58FF0096074E /* Build configuration list for PBXProject "IGZQueueManager" */;
			compatibilityVersion = "Xcode 3.2";
			developmentRegion = en;
			hasScannedForEncodings = 0;
			knownRegions = (
				en,
				Base,
			);
			mainGroup = A8EF3A601D9B58FF0096074E;
			productRefGroup = A8EF3A6B1D9B58FF0096074E /* Products */;
			projectDirPath = "";
			projectRoot = "";
			targets = (
				A8EF3A691D9B58FF0096074E /* IGZQueueManager */,
				A8EF3A721D9B58FF0096074E /* IGZQueueManagerTests */,
			);
		};
/* End PBXProject section */

/* Begin PBXResourcesBuildPhase section */
		A8EF3A681D9B58FF0096074E /* Resources */ = {
			isa = PBXResourcesBuildPhase;
			buildActionMask = 2147483647;
			files = (
			);
			runOnlyForDeploymentPostprocessing = 0;
		};
		A8EF3A711D9B58FF0096074E /* Resources */ = {
			isa = PBXResourcesBuildPhase;
			buildActionMask = 2147483647;
			files = (
			);
			runOnlyForDeploymentPostprocessing = 0;
		};
/* End PBXResourcesBuildPhase section */

/* Begin PBXSourcesBuildPhase section */
		A8EF3A651D9B58FF0096074E /* Sources */ = {
			isa = PBXSourcesBuildPhase;
			buildActionMask = 2147483647;
			files = (
				A88331141D9BE721005E9D3C /* Package.swift in Sources */,
				A88331161D9BE900005E9D3C /* AuthenticationProtocol.swift in Sources */,
				A8EF3A861D9B59310096074E /* QueueManager.swift in Sources */,
				A88331121D9BE6DA005E9D3C /* NetworkHandlerProtocol.swift in Sources */,
			);
			runOnlyForDeploymentPostprocessing = 0;
		};
		A8EF3A6F1D9B58FF0096074E /* Sources */ = {
			isa = PBXSourcesBuildPhase;
			buildActionMask = 2147483647;
			files = (
				A89BC2401DA458CA0058D407 /* StubNetworkHandler.swift in Sources */,
				A89BC23C1DA3D1320058D407 /* IGZQueueManagerQueueTests.swift in Sources */,
				A89BC23E1DA457F70058D407 /* IGZQueueManagerPackageTests.swift in Sources */,
			);
			runOnlyForDeploymentPostprocessing = 0;
		};
/* End PBXSourcesBuildPhase section */

/* Begin PBXTargetDependency section */
		A8EF3A761D9B58FF0096074E /* PBXTargetDependency */ = {
			isa = PBXTargetDependency;
			target = A8EF3A691D9B58FF0096074E /* IGZQueueManager */;
			targetProxy = A8EF3A751D9B58FF0096074E /* PBXContainerItemProxy */;
		};
/* End PBXTargetDependency section */

/* Begin XCBuildConfiguration section */
		A8EF3A7C1D9B58FF0096074E /* Debug */ = {
			isa = XCBuildConfiguration;
			buildSettings = {
				ALWAYS_SEARCH_USER_PATHS = NO;
				CLANG_ANALYZER_LOCALIZABILITY_NONLOCALIZED = YES;
				CLANG_ANALYZER_NONNULL = YES;
				CLANG_CXX_LANGUAGE_STANDARD = "gnu++0x";
				CLANG_CXX_LIBRARY = "libc++";
				CLANG_ENABLE_MODULES = YES;
				CLANG_ENABLE_OBJC_ARC = YES;
				CLANG_WARN_BLOCK_CAPTURE_AUTORELEASING = YES;
				CLANG_WARN_BOOL_CONVERSION = YES;
				CLANG_WARN_COMMA = YES;
				CLANG_WARN_CONSTANT_CONVERSION = YES;
				CLANG_WARN_DEPRECATED_OBJC_IMPLEMENTATIONS = YES;
				CLANG_WARN_DIRECT_OBJC_ISA_USAGE = YES_ERROR;
				CLANG_WARN_DOCUMENTATION_COMMENTS = YES;
				CLANG_WARN_EMPTY_BODY = YES;
				CLANG_WARN_ENUM_CONVERSION = YES;
				CLANG_WARN_INFINITE_RECURSION = YES;
				CLANG_WARN_INT_CONVERSION = YES;
				CLANG_WARN_NON_LITERAL_NULL_CONVERSION = YES;
				CLANG_WARN_OBJC_IMPLICIT_RETAIN_SELF = YES;
				CLANG_WARN_OBJC_LITERAL_CONVERSION = YES;
				CLANG_WARN_OBJC_ROOT_CLASS = YES_ERROR;
				CLANG_WARN_QUOTED_INCLUDE_IN_FRAMEWORK_HEADER = YES;
				CLANG_WARN_RANGE_LOOP_ANALYSIS = YES;
				CLANG_WARN_STRICT_PROTOTYPES = YES;
				CLANG_WARN_SUSPICIOUS_MOVE = YES;
				CLANG_WARN_SUSPICIOUS_MOVES = YES;
				CLANG_WARN_UNREACHABLE_CODE = YES;
				CLANG_WARN__DUPLICATE_METHOD_MATCH = YES;
				"CODE_SIGN_IDENTITY[sdk=iphoneos*]" = "iPhone Developer";
				COPY_PHASE_STRIP = NO;
				CURRENT_PROJECT_VERSION = 1;
				DEBUG_INFORMATION_FORMAT = dwarf;
				ENABLE_STRICT_OBJC_MSGSEND = YES;
				ENABLE_TESTABILITY = YES;
				GCC_C_LANGUAGE_STANDARD = gnu99;
				GCC_DYNAMIC_NO_PIC = NO;
				GCC_NO_COMMON_BLOCKS = YES;
				GCC_OPTIMIZATION_LEVEL = 0;
				GCC_PREPROCESSOR_DEFINITIONS = (
					"DEBUG=1",
					"$(inherited)",
				);
				GCC_WARN_64_TO_32_BIT_CONVERSION = YES;
				GCC_WARN_ABOUT_RETURN_TYPE = YES_ERROR;
				GCC_WARN_UNDECLARED_SELECTOR = YES;
				GCC_WARN_UNINITIALIZED_AUTOS = YES_AGGRESSIVE;
				GCC_WARN_UNUSED_FUNCTION = YES;
				GCC_WARN_UNUSED_VARIABLE = YES;
				IPHONEOS_DEPLOYMENT_TARGET = 12.0;
				MTL_ENABLE_DEBUG_INFO = YES;
				ONLY_ACTIVE_ARCH = YES;
				SDKROOT = iphoneos;
				SWIFT_ACTIVE_COMPILATION_CONDITIONS = DEBUG;
				SWIFT_OPTIMIZATION_LEVEL = "-Onone";
				TARGETED_DEVICE_FAMILY = "1,2";
				VERSIONING_SYSTEM = "apple-generic";
				VERSION_INFO_PREFIX = "";
			};
			name = Debug;
		};
		A8EF3A7D1D9B58FF0096074E /* Release */ = {
			isa = XCBuildConfiguration;
			buildSettings = {
				ALWAYS_SEARCH_USER_PATHS = NO;
				CLANG_ANALYZER_LOCALIZABILITY_NONLOCALIZED = YES;
				CLANG_ANALYZER_NONNULL = YES;
				CLANG_CXX_LANGUAGE_STANDARD = "gnu++0x";
				CLANG_CXX_LIBRARY = "libc++";
				CLANG_ENABLE_MODULES = YES;
				CLANG_ENABLE_OBJC_ARC = YES;
				CLANG_WARN_BLOCK_CAPTURE_AUTORELEASING = YES;
				CLANG_WARN_BOOL_CONVERSION = YES;
				CLANG_WARN_COMMA = YES;
				CLANG_WARN_CONSTANT_CONVERSION = YES;
				CLANG_WARN_DEPRECATED_OBJC_IMPLEMENTATIONS = YES;
				CLANG_WARN_DIRECT_OBJC_ISA_USAGE = YES_ERROR;
				CLANG_WARN_DOCUMENTATION_COMMENTS = YES;
				CLANG_WARN_EMPTY_BODY = YES;
				CLANG_WARN_ENUM_CONVERSION = YES;
				CLANG_WARN_INFINITE_RECURSION = YES;
				CLANG_WARN_INT_CONVERSION = YES;
				CLANG_WARN_NON_LITERAL_NULL_CONVERSION = YES;
				CLANG_WARN_OBJC_IMPLICIT_RETAIN_SELF = YES;
				CLANG_WARN_OBJC_LITERAL_CONVERSION = YES;
				CLANG_WARN_OBJC_ROOT_CLASS = YES_ERROR;
				CLANG_WARN_QUOTED_INCLUDE_IN_FRAMEWORK_HEADER = YES;
				CLANG_WARN_RANGE_LOOP_ANALYSIS = YES;
				CLANG_WARN_STRICT_PROTOTYPES = YES;
				CLANG_WARN_SUSPICIOUS_MOVE = YES;
				CLANG_WARN_SUSPICIOUS_MOVES = YES;
				CLANG_WARN_UNREACHABLE_CODE = YES;
				CLANG_WARN__DUPLICATE_METHOD_MATCH = YES;
				"CODE_SIGN_IDENTITY[sdk=iphoneos*]" = "iPhone Developer";
				COPY_PHASE_STRIP = NO;
				CURRENT_PROJECT_VERSION = 1;
				DEBUG_INFORMATION_FORMAT = "dwarf-with-dsym";
				ENABLE_NS_ASSERTIONS = NO;
				ENABLE_STRICT_OBJC_MSGSEND = YES;
				GCC_C_LANGUAGE_STANDARD = gnu99;
				GCC_NO_COMMON_BLOCKS = YES;
				GCC_WARN_64_TO_32_BIT_CONVERSION = YES;
				GCC_WARN_ABOUT_RETURN_TYPE = YES_ERROR;
				GCC_WARN_UNDECLARED_SELECTOR = YES;
				GCC_WARN_UNINITIALIZED_AUTOS = YES_AGGRESSIVE;
				GCC_WARN_UNUSED_FUNCTION = YES;
				GCC_WARN_UNUSED_VARIABLE = YES;
				IPHONEOS_DEPLOYMENT_TARGET = 12.0;
				MTL_ENABLE_DEBUG_INFO = NO;
				SDKROOT = iphoneos;
				SWIFT_OPTIMIZATION_LEVEL = "-Owholemodule";
				TARGETED_DEVICE_FAMILY = "1,2";
				VALIDATE_PRODUCT = YES;
				VERSIONING_SYSTEM = "apple-generic";
				VERSION_INFO_PREFIX = "";
			};
			name = Release;
		};
		A8EF3A7F1D9B58FF0096074E /* Debug */ = {
			isa = XCBuildConfiguration;
			buildSettings = {
				CLANG_ENABLE_MODULES = YES;
				CODE_SIGN_IDENTITY = "";
				DEFINES_MODULE = YES;
				DEVELOPMENT_TEAM = 98N4UG269H;
				DYLIB_COMPATIBILITY_VERSION = 1;
				DYLIB_CURRENT_VERSION = 1;
				DYLIB_INSTALL_NAME_BASE = "@rpath";
				INFOPLIST_FILE = IGZQueueManager/Info.plist;
				INSTALL_PATH = "$(LOCAL_LIBRARY_DIR)/Frameworks";
				IPHONEOS_DEPLOYMENT_TARGET = 12.0;
				LD_RUNPATH_SEARCH_PATHS = "$(inherited) @executable_path/Frameworks @loader_path/Frameworks";
				PRODUCT_BUNDLE_IDENTIFIER = com.igzactly.IGZQueueManager;
				PRODUCT_NAME = "$(TARGET_NAME)";
				SKIP_INSTALL = YES;
				SWIFT_OPTIMIZATION_LEVEL = "-Onone";
				SWIFT_VERSION = 5.0;
			};
			name = Debug;
		};
		A8EF3A801D9B58FF0096074E /* Release */ = {
			isa = XCBuildConfiguration;
			buildSettings = {
				CLANG_ENABLE_MODULES = YES;
				CODE_SIGN_IDENTITY = "";
				DEFINES_MODULE = YES;
				DEVELOPMENT_TEAM = 98N4UG269H;
				DYLIB_COMPATIBILITY_VERSION = 1;
				DYLIB_CURRENT_VERSION = 1;
				DYLIB_INSTALL_NAME_BASE = "@rpath";
				INFOPLIST_FILE = IGZQueueManager/Info.plist;
				INSTALL_PATH = "$(LOCAL_LIBRARY_DIR)/Frameworks";
				IPHONEOS_DEPLOYMENT_TARGET = 12.0;
				LD_RUNPATH_SEARCH_PATHS = "$(inherited) @executable_path/Frameworks @loader_path/Frameworks";
				PRODUCT_BUNDLE_IDENTIFIER = com.igzactly.IGZQueueManager;
				PRODUCT_NAME = "$(TARGET_NAME)";
				SKIP_INSTALL = YES;
				SWIFT_VERSION = 5.0;
			};
			name = Release;
		};
		A8EF3A821D9B58FF0096074E /* Debug */ = {
			isa = XCBuildConfiguration;
			buildSettings = {
				ALWAYS_EMBED_SWIFT_STANDARD_LIBRARIES = YES;
				DEVELOPMENT_TEAM = 98N4UG269H;
				INFOPLIST_FILE = IGZQueueManagerTests/Info.plist;
				LD_RUNPATH_SEARCH_PATHS = "$(inherited) @executable_path/Frameworks @loader_path/Frameworks";
				PRODUCT_BUNDLE_IDENTIFIER = com.igzactly.IGZQueueManagerTests;
				PRODUCT_NAME = "$(TARGET_NAME)";
				SWIFT_VERSION = 5.0;
			};
			name = Debug;
		};
		A8EF3A831D9B58FF0096074E /* Release */ = {
			isa = XCBuildConfiguration;
			buildSettings = {
				ALWAYS_EMBED_SWIFT_STANDARD_LIBRARIES = YES;
				DEVELOPMENT_TEAM = 98N4UG269H;
				INFOPLIST_FILE = IGZQueueManagerTests/Info.plist;
				LD_RUNPATH_SEARCH_PATHS = "$(inherited) @executable_path/Frameworks @loader_path/Frameworks";
				PRODUCT_BUNDLE_IDENTIFIER = com.igzactly.IGZQueueManagerTests;
				PRODUCT_NAME = "$(TARGET_NAME)";
				SWIFT_VERSION = 5.0;
			};
			name = Release;
		};
/* End XCBuildConfiguration section */

/* Begin XCConfigurationList section */
		A8EF3A641D9B58FF0096074E /* Build configuration list for PBXProject "IGZQueueManager" */ = {
			isa = XCConfigurationList;
			buildConfigurations = (
				A8EF3A7C1D9B58FF0096074E /* Debug */,
				A8EF3A7D1D9B58FF0096074E /* Release */,
			);
			defaultConfigurationIsVisible = 0;
			defaultConfigurationName = Release;
		};
		A8EF3A7E1D9B58FF0096074E /* Build configuration list for PBXNativeTarget "IGZQueueManager" */ = {
			isa = XCConfigurationList;
			buildConfigurations = (
				A8EF3A7F1D9B58FF0096074E /* Debug */,
				A8EF3A801D9B58FF0096074E /* Release */,
			);
			defaultConfigurationIsVisible = 0;
			defaultConfigurationName = Release;
		};
		A8EF3A811D9B58FF0096074E /* Build configuration list for PBXNativeTarget "IGZQueueManagerTests" */ = {
			isa = XCConfigurationList;
			buildConfigurations = (
				A8EF3A821D9B58FF0096074E /* Debug */,
				A8EF3A831D9B58FF0096074E /* Release */,
			);
			defaultConfigurationIsVisible = 0;
			defaultConfigurationName = Release;
		};
/* End XCConfigurationList section */
	};
	rootObject = A8EF3A611D9B58FF0096074E /* Project object */;
}
